{
    "version": 3,
    "terraform_version": "0.11.10",
    "serial": 5,
    "lineage": "89fbb46f-2647-3c52-04e9-2ecf12e82f55",
    "modules": [
        {
            "path": [
                "root"
            ],
            "outputs": {},
            "resources": {
                "azurerm_resource_group.network-rg": {
                    "type": "azurerm_resource_group",
                    "depends_on": [],
                    "primary": {
                        "id": "/subscriptions/6a26d01e-a3fc-4d31-b359-902aa98504fe/resourceGroups/production-vnet",
                        "attributes": {
                            "id": "/subscriptions/6a26d01e-a3fc-4d31-b359-902aa98504fe/resourceGroups/production-vnet",
                            "location": "eastus",
                            "name": "production-vnet",
                            "tags.%": "0"
                        },
                        "meta": {},
                        "tainted": false
                    },
                    "deposed": [],
                    "provider": "provider.azurerm"
                },
                "azurerm_virtual_network.network": {
                    "type": "azurerm_virtual_network",
                    "depends_on": [
                        "azurerm_resource_group.network-rg"
                    ],
                    "primary": {
                        "id": "/subscriptions/6a26d01e-a3fc-4d31-b359-902aa98504fe/resourceGroups/production-vnet/providers/Microsoft.Network/virtualNetworks/production-network",
                        "attributes": {
                            "address_space.#": "1",
                            "address_space.0": "10.0.0.0/16",
                            "dns_servers.#": "0",
                            "id": "/subscriptions/6a26d01e-a3fc-4d31-b359-902aa98504fe/resourceGroups/production-vnet/providers/Microsoft.Network/virtualNetworks/production-network",
                            "location": "eastus",
                            "name": "production-network",
                            "resource_group_name": "production-vnet",
                            "subnet.#": "1",
                            "subnet.1349478989.address_prefix": "10.10.3.0/24",
                            "subnet.1349478989.id": "",
                            "subnet.1349478989.name": "backend",
                            "subnet.1349478989.security_group": "",
                            "tags.%": "0"
                        },
                        "meta": {},
                        "tainted": false
                    },
                    "deposed": [],
                    "provider": "provider.azurerm"
                }
            },
            "depends_on": []
        }
    ]
}
